
Microsoft Visual Studio Solution File, Format Version 12.00
# Visual Studio Version 16
VisualStudioVersion = 16.0.31321.278
MinimumVisualStudioVersion = 10.0.40219.1
Project("{FAE04EC0-301F-11D3-BF4B-00C04F79EFBC}") = "ApiQF", "ApiQF\ApiQF.csproj", "{2EBB6133-50A9-46C2-9111-B851A2DC529B}"
EndProject
Project("{FAE04EC0-301F-11D3-BF4B-00C04F79EFBC}") = "ApiQF.Tests", "ApiQF.Tests\ApiQF.Tests.csproj", "{4C54FEBB-9F99-4048-8108-87BDF7F13AED}"
EndProject
Project("{2150E333-8FDC-42A3-9474-1A3956D46DE8}") = "Solution Items", "Solution Items", "{485100B6-0819-47C6-BFBF-0871D903E135}"
	ProjectSection(SolutionItems) = preProject
		readme.md = readme.md
	EndProjectSection
EndProject
Global
	GlobalSection(SolutionConfigurationPlatforms) = preSolution
		Debug|Any CPU = Debug|Any CPU
		Release|Any CPU = Release|Any CPU
	EndGlobalSection
	GlobalSection(ProjectConfigurationPlatforms) = postSolution
		{2EBB6133-50A9-46C2-9111-B851A2DC529B}.Debug|Any CPU.ActiveCfg = Debug|Any CPU
		{2EBB6133-50A9-46C2-9111-B851A2DC529B}.Debug|Any CPU.Build.0 = Debug|Any CPU
		{2EBB6133-50A9-46C2-9111-B851A2DC529B}.Release|Any CPU.ActiveCfg = Release|Any CPU
		{2EBB6133-50A9-46C2-9111-B851A2DC529B}.Release|Any CPU.Build.0 = Release|Any CPU
		{4C54FEBB-9F99-4048-8108-87BDF7F13AED}.Debug|Any CPU.ActiveCfg = Debug|Any CPU
		{4C54FEBB-9F99-4048-8108-87BDF7F13AED}.Debug|Any CPU.Build.0 = Debug|Any CPU
		{4C54FEBB-9F99-4048-8108-87BDF7F13AED}.Release|Any CPU.ActiveCfg = Release|Any CPU
		{4C54FEBB-9F99-4048-8108-87BDF7F13AED}.Release|Any CPU.Build.0 = Release|Any CPU
	EndGlobalSection
	GlobalSection(SolutionProperties) = preSolution
		HideSolutionNode = FALSE
	EndGlobalSection
	GlobalSection(ExtensibilityGlobals) = postSolution
		SolutionGuid = {72B3C1AD-4981-4A5B-9C34-50DE9451E9A0}
	EndGlobalSection
EndGlobal
